
Microsoft Visual Studio Solution File, Format Version 12.00
# Visual Studio Version 16
VisualStudioVersion = 16.0.31702.278
MinimumVisualStudioVersion = 10.0.40219.1
Project("{FAE04EC0-301F-11D3-BF4B-00C04F79EFBC}") = "DistantAuf1", "DistantAuf1.csproj", "{8C8A9A61-75C7-4428-BB69-9A3BBE967907}"
EndProject
Global
	GlobalSection(SolutionConfigurationPlatforms) = preSolution
		Debug|Any CPU = Debug|Any CPU
		Release|Any CPU = Release|Any CPU
	EndGlobalSection
	GlobalSection(ProjectConfigurationPlatforms) = postSolution
		{8C8A9A61-75C7-4428-BB69-9A3BBE967907}.Debug|Any CPU.ActiveCfg = Debug|Any CPU
		{8C8A9A61-75C7-4428-BB69-9A3BBE967907}.Debug|Any CPU.Build.0 = Debug|Any CPU
		{8C8A9A61-75C7-4428-BB69-9A3BBE967907}.Release|Any CPU.ActiveCfg = Release|Any CPU
		{8C8A9A61-75C7-4428-BB69-9A3BBE967907}.Release|Any CPU.Build.0 = Release|Any CPU
	EndGlobalSection
	GlobalSection(SolutionProperties) = preSolution
		HideSolutionNode = FALSE
	EndGlobalSection
	GlobalSection(ExtensibilityGlobals) = postSolution
		SolutionGuid = {E8CE724B-2640-4DEE-9AB1-579C06A2BF7A}
	EndGlobalSection
EndGlobal
