
Microsoft Visual Studio Solution File, Format Version 12.00
# Visual Studio Version 16
VisualStudioVersion = 16.0.31702.278
MinimumVisualStudioVersion = 10.0.40219.1
Project("{FAE04EC0-301F-11D3-BF4B-00C04F79EFBC}") = "Dikhottomie", "Dikhottomie.csproj", "{527D59CD-22A8-4E6B-8BC1-14995E3F9F4E}"
EndProject
Global
	GlobalSection(SolutionConfigurationPlatforms) = preSolution
		Debug|Any CPU = Debug|Any CPU
		Release|Any CPU = Release|Any CPU
	EndGlobalSection
	GlobalSection(ProjectConfigurationPlatforms) = postSolution
		{527D59CD-22A8-4E6B-8BC1-14995E3F9F4E}.Debug|Any CPU.ActiveCfg = Debug|Any CPU
		{527D59CD-22A8-4E6B-8BC1-14995E3F9F4E}.Debug|Any CPU.Build.0 = Debug|Any CPU
		{527D59CD-22A8-4E6B-8BC1-14995E3F9F4E}.Release|Any CPU.ActiveCfg = Release|Any CPU
		{527D59CD-22A8-4E6B-8BC1-14995E3F9F4E}.Release|Any CPU.Build.0 = Release|Any CPU
	EndGlobalSection
	GlobalSection(SolutionProperties) = preSolution
		HideSolutionNode = FALSE
	EndGlobalSection
	GlobalSection(ExtensibilityGlobals) = postSolution
		SolutionGuid = {2A80B27A-DCDF-43F6-938C-770ADCD9E9A1}
	EndGlobalSection
EndGlobal
