
Microsoft Visual Studio Solution File, Format Version 12.00
# Visual Studio Version 16
VisualStudioVersion = 16.0.31702.278
MinimumVisualStudioVersion = 10.0.40219.1
Project("{FAE04EC0-301F-11D3-BF4B-00C04F79EFBC}") = "Prakt10", "Prakt10.csproj", "{6FA6A9C0-0FB1-4557-8EC8-87D83489515C}"
EndProject
Global
	GlobalSection(SolutionConfigurationPlatforms) = preSolution
		Debug|Any CPU = Debug|Any CPU
		Release|Any CPU = Release|Any CPU
	EndGlobalSection
	GlobalSection(ProjectConfigurationPlatforms) = postSolution
		{6FA6A9C0-0FB1-4557-8EC8-87D83489515C}.Debug|Any CPU.ActiveCfg = Debug|Any CPU
		{6FA6A9C0-0FB1-4557-8EC8-87D83489515C}.Debug|Any CPU.Build.0 = Debug|Any CPU
		{6FA6A9C0-0FB1-4557-8EC8-87D83489515C}.Release|Any CPU.ActiveCfg = Release|Any CPU
		{6FA6A9C0-0FB1-4557-8EC8-87D83489515C}.Release|Any CPU.Build.0 = Release|Any CPU
	EndGlobalSection
	GlobalSection(SolutionProperties) = preSolution
		HideSolutionNode = FALSE
	EndGlobalSection
	GlobalSection(ExtensibilityGlobals) = postSolution
		SolutionGuid = {DC02839C-227B-4360-875A-F1B40604B6F2}
	EndGlobalSection
EndGlobal
